
Microsoft Visual Studio Solution File, Format Version 12.00
# Visual Studio Version 17
VisualStudioVersion = 17.5.33502.453
MinimumVisualStudioVersion = 10.0.40219.1
Project("{FAE04EC0-301F-11D3-BF4B-00C04F79EFBC}") = "ConsoleApp91", "ConsoleApp91\ConsoleApp91.csproj", "{CAFE4E31-6579-4802-9C2E-F1779FBD1C6B}"
EndProject
Global
	GlobalSection(SolutionConfigurationPlatforms) = preSolution
		Debug|Any CPU = Debug|Any CPU
		Release|Any CPU = Release|Any CPU
	EndGlobalSection
	GlobalSection(ProjectConfigurationPlatforms) = postSolution
		{CAFE4E31-6579-4802-9C2E-F1779FBD1C6B}.Debug|Any CPU.ActiveCfg = Debug|Any CPU
		{CAFE4E31-6579-4802-9C2E-F1779FBD1C6B}.Debug|Any CPU.Build.0 = Debug|Any CPU
		{CAFE4E31-6579-4802-9C2E-F1779FBD1C6B}.Release|Any CPU.ActiveCfg = Release|Any CPU
		{CAFE4E31-6579-4802-9C2E-F1779FBD1C6B}.Release|Any CPU.Build.0 = Release|Any CPU
	EndGlobalSection
	GlobalSection(SolutionProperties) = preSolution
		HideSolutionNode = FALSE
	EndGlobalSection
	GlobalSection(ExtensibilityGlobals) = postSolution
		SolutionGuid = {25F1E5EB-6019-4C08-A1DC-C65A8D91BA04}
	EndGlobalSection
EndGlobal
